
Microsoft Visual Studio Solution File, Format Version 12.00
# Visual Studio Version 17
VisualStudioVersion = 17.0.31903.59
MinimumVisualStudioVersion = 10.0.40219.1
Project("{2150E333-8FDC-42A3-9474-1A3956D46DE8}") = "src", "src", "{827E0CD3-B72D-47B6-A68D-7590B98EB39B}"
EndProject
Project("{FAE04EC0-301F-11D3-BF4B-00C04F79EFBC}") = "CCaaS.Api", "src\CCaaS.Api\CCaaS.Api.csproj", "{DE6CFF7A-F7F0-441D-A5D2-905185723890}"
EndProject
Project("{FAE04EC0-301F-11D3-BF4B-00C04F79EFBC}") = "CCaaS.Domain", "src\CCaaS.Domain\CCaaS.Domain.csproj", "{0116D61E-667B-4ED9-8C92-DA888E9A2B06}"
EndProject
Project("{FAE04EC0-301F-11D3-BF4B-00C04F79EFBC}") = "CCaaS.Application", "src\CCaaS.Application\CCaaS.Application.csproj", "{98D57777-8893-479B-85C2-ABC1DEDE1E56}"
EndProject
Project("{FAE04EC0-301F-11D3-BF4B-00C04F79EFBC}") = "CCaaS.Shared", "src\CCaaS.Shared\CCaaS.Shared.csproj", "{50D61C48-93DE-4E82-8662-2F31137689F6}"
EndProject
Project("{FAE04EC0-301F-11D3-BF4B-00C04F79EFBC}") = "CCaaS.Infrastructure", "src\CCaaS.Infrastructure\CCaaS.Infrastructure.csproj", "{B0288E32-8E1D-4C68-9D0A-4AA2780FDA2C}"
EndProject
Project("{FAE04EC0-301F-11D3-BF4B-00C04F79EFBC}") = "CCaaS.Workers.Telephony", "src\CCaaS.Workers.Telephony\CCaaS.Workers.Telephony.csproj", "{6712BA5A-D297-4BE7-B3A9-E8B2466BED4E}"
EndProject
Project("{FAE04EC0-301F-11D3-BF4B-00C04F79EFBC}") = "CCaaS.Workers.Channel", "src\CCaaS.Workers.Channel\CCaaS.Workers.Channel.csproj", "{135E995B-5979-44D8-BA90-D477DD3FA571}"
EndProject
Project("{2150E333-8FDC-42A3-9474-1A3956D46DE8}") = "tests", "tests", "{0AB3BF05-4346-4AA6-1389-037BE0695223}"
EndProject
Project("{FAE04EC0-301F-11D3-BF4B-00C04F79EFBC}") = "CCaaS.Tests.Unit", "tests\CCaaS.Tests.Unit\CCaaS.Tests.Unit.csproj", "{D5ACFD8A-A3F2-4E37-BB3C-002A8A798565}"
EndProject
Global
	GlobalSection(SolutionConfigurationPlatforms) = preSolution
		Debug|Any CPU = Debug|Any CPU
		Debug|x64 = Debug|x64
		Debug|x86 = Debug|x86
		Release|Any CPU = Release|Any CPU
		Release|x64 = Release|x64
		Release|x86 = Release|x86
	EndGlobalSection
	GlobalSection(ProjectConfigurationPlatforms) = postSolution
		{DE6CFF7A-F7F0-441D-A5D2-905185723890}.Debug|Any CPU.ActiveCfg = Debug|Any CPU
		{DE6CFF7A-F7F0-441D-A5D2-905185723890}.Debug|Any CPU.Build.0 = Debug|Any CPU
		{DE6CFF7A-F7F0-441D-A5D2-905185723890}.Debug|x64.ActiveCfg = Debug|Any CPU
		{DE6CFF7A-F7F0-441D-A5D2-905185723890}.Debug|x64.Build.0 = Debug|Any CPU
		{DE6CFF7A-F7F0-441D-A5D2-905185723890}.Debug|x86.ActiveCfg = Debug|Any CPU
		{DE6CFF7A-F7F0-441D-A5D2-905185723890}.Debug|x86.Build.0 = Debug|Any CPU
		{DE6CFF7A-F7F0-441D-A5D2-905185723890}.Release|Any CPU.ActiveCfg = Release|Any CPU
		{DE6CFF7A-F7F0-441D-A5D2-905185723890}.Release|Any CPU.Build.0 = Release|Any CPU
		{DE6CFF7A-F7F0-441D-A5D2-905185723890}.Release|x64.ActiveCfg = Release|Any CPU
		{DE6CFF7A-F7F0-441D-A5D2-905185723890}.Release|x64.Build.0 = Release|Any CPU
		{DE6CFF7A-F7F0-441D-A5D2-905185723890}.Release|x86.ActiveCfg = Release|Any CPU
		{DE6CFF7A-F7F0-441D-A5D2-905185723890}.Release|x86.Build.0 = Release|Any CPU
		{0116D61E-667B-4ED9-8C92-DA888E9A2B06}.Debug|Any CPU.ActiveCfg = Debug|Any CPU
		{0116D61E-667B-4ED9-8C92-DA888E9A2B06}.Debug|Any CPU.Build.0 = Debug|Any CPU
		{0116D61E-667B-4ED9-8C92-DA888E9A2B06}.Debug|x64.ActiveCfg = Debug|Any CPU
		{0116D61E-667B-4ED9-8C92-DA888E9A2B06}.Debug|x64.Build.0 = Debug|Any CPU
		{0116D61E-667B-4ED9-8C92-DA888E9A2B06}.Debug|x86.ActiveCfg = Debug|Any CPU
		{0116D61E-667B-4ED9-8C92-DA888E9A2B06}.Debug|x86.Build.0 = Debug|Any CPU
		{0116D61E-667B-4ED9-8C92-DA888E9A2B06}.Release|Any CPU.ActiveCfg = Release|Any CPU
		{0116D61E-667B-4ED9-8C92-DA888E9A2B06}.Release|Any CPU.Build.0 = Release|Any CPU
		{0116D61E-667B-4ED9-8C92-DA888E9A2B06}.Release|x64.ActiveCfg = Release|Any CPU
		{0116D61E-667B-4ED9-8C92-DA888E9A2B06}.Release|x64.Build.0 = Release|Any CPU
		{0116D61E-667B-4ED9-8C92-DA888E9A2B06}.Release|x86.ActiveCfg = Release|Any CPU
		{0116D61E-667B-4ED9-8C92-DA888E9A2B06}.Release|x86.Build.0 = Release|Any CPU
		{98D57777-8893-479B-85C2-ABC1DEDE1E56}.Debug|Any CPU.ActiveCfg = Debug|Any CPU
		{98D57777-8893-479B-85C2-ABC1DEDE1E56}.Debug|Any CPU.Build.0 = Debug|Any CPU
		{98D57777-8893-479B-85C2-ABC1DEDE1E56}.Debug|x64.ActiveCfg = Debug|Any CPU
		{98D57777-8893-479B-85C2-ABC1DEDE1E56}.Debug|x64.Build.0 = Debug|Any CPU
		{98D57777-8893-479B-85C2-ABC1DEDE1E56}.Debug|x86.ActiveCfg = Debug|Any CPU
		{98D57777-8893-479B-85C2-ABC1DEDE1E56}.Debug|x86.Build.0 = Debug|Any CPU
		{98D57777-8893-479B-85C2-ABC1DEDE1E56}.Release|Any CPU.ActiveCfg = Release|Any CPU
		{98D57777-8893-479B-85C2-ABC1DEDE1E56}.Release|Any CPU.Build.0 = Release|Any CPU
		{98D57777-8893-479B-85C2-ABC1DEDE1E56}.Release|x64.ActiveCfg = Release|Any CPU
		{98D57777-8893-479B-85C2-ABC1DEDE1E56}.Release|x64.Build.0 = Release|Any CPU
		{98D57777-8893-479B-85C2-ABC1DEDE1E56}.Release|x86.ActiveCfg = Release|Any CPU
		{98D57777-8893-479B-85C2-ABC1DEDE1E56}.Release|x86.Build.0 = Release|Any CPU
		{50D61C48-93DE-4E82-8662-2F31137689F6}.Debug|Any CPU.ActiveCfg = Debug|Any CPU
		{50D61C48-93DE-4E82-8662-2F31137689F6}.Debug|Any CPU.Build.0 = Debug|Any CPU
		{50D61C48-93DE-4E82-8662-2F31137689F6}.Debug|x64.ActiveCfg = Debug|Any CPU
		{50D61C48-93DE-4E82-8662-2F31137689F6}.Debug|x64.Build.0 = Debug|Any CPU
		{50D61C48-93DE-4E82-8662-2F31137689F6}.Debug|x86.ActiveCfg = Debug|Any CPU
		{50D61C48-93DE-4E82-8662-2F31137689F6}.Debug|x86.Build.0 = Debug|Any CPU
		{50D61C48-93DE-4E82-8662-2F31137689F6}.Release|Any CPU.ActiveCfg = Release|Any CPU
		{50D61C48-93DE-4E82-8662-2F31137689F6}.Release|Any CPU.Build.0 = Release|Any CPU
		{50D61C48-93DE-4E82-8662-2F31137689F6}.Release|x64.ActiveCfg = Release|Any CPU
		{50D61C48-93DE-4E82-8662-2F31137689F6}.Release|x64.Build.0 = Release|Any CPU
		{50D61C48-93DE-4E82-8662-2F31137689F6}.Release|x86.ActiveCfg = Release|Any CPU
		{50D61C48-93DE-4E82-8662-2F31137689F6}.Release|x86.Build.0 = Release|Any CPU
		{B0288E32-8E1D-4C68-9D0A-4AA2780FDA2C}.Debug|Any CPU.ActiveCfg = Debug|Any CPU
		{B0288E32-8E1D-4C68-9D0A-4AA2780FDA2C}.Debug|Any CPU.Build.0 = Debug|Any CPU
		{B0288E32-8E1D-4C68-9D0A-4AA2780FDA2C}.Debug|x64.ActiveCfg = Debug|Any CPU
		{B0288E32-8E1D-4C68-9D0A-4AA2780FDA2C}.Debug|x64.Build.0 = Debug|Any CPU
		{B0288E32-8E1D-4C68-9D0A-4AA2780FDA2C}.Debug|x86.ActiveCfg = Debug|Any CPU
		{B0288E32-8E1D-4C68-9D0A-4AA2780FDA2C}.Debug|x86.Build.0 = Debug|Any CPU
		{B0288E32-8E1D-4C68-9D0A-4AA2780FDA2C}.Release|Any CPU.ActiveCfg = Release|Any CPU
		{B0288E32-8E1D-4C68-9D0A-4AA2780FDA2C}.Release|Any CPU.Build.0 = Release|Any CPU
		{B0288E32-8E1D-4C68-9D0A-4AA2780FDA2C}.Release|x64.ActiveCfg = Release|Any CPU
		{B0288E32-8E1D-4C68-9D0A-4AA2780FDA2C}.Release|x64.Build.0 = Release|Any CPU
		{B0288E32-8E1D-4C68-9D0A-4AA2780FDA2C}.Release|x86.ActiveCfg = Release|Any CPU
		{B0288E32-8E1D-4C68-9D0A-4AA2780FDA2C}.Release|x86.Build.0 = Release|Any CPU
		{6712BA5A-D297-4BE7-B3A9-E8B2466BED4E}.Debug|Any CPU.ActiveCfg = Debug|Any CPU
		{6712BA5A-D297-4BE7-B3A9-E8B2466BED4E}.Debug|Any CPU.Build.0 = Debug|Any CPU
		{6712BA5A-D297-4BE7-B3A9-E8B2466BED4E}.Debug|x64.ActiveCfg = Debug|Any CPU
		{6712BA5A-D297-4BE7-B3A9-E8B2466BED4E}.Debug|x64.Build.0 = Debug|Any CPU
		{6712BA5A-D297-4BE7-B3A9-E8B2466BED4E}.Debug|x86.ActiveCfg = Debug|Any CPU
		{6712BA5A-D297-4BE7-B3A9-E8B2466BED4E}.Debug|x86.Build.0 = Debug|Any CPU
		{6712BA5A-D297-4BE7-B3A9-E8B2466BED4E}.Release|Any CPU.ActiveCfg = Release|Any CPU
		{6712BA5A-D297-4BE7-B3A9-E8B2466BED4E}.Release|Any CPU.Build.0 = Release|Any CPU
		{6712BA5A-D297-4BE7-B3A9-E8B2466BED4E}.Release|x64.ActiveCfg = Release|Any CPU
		{6712BA5A-D297-4BE7-B3A9-E8B2466BED4E}.Release|x64.Build.0 = Release|Any CPU
		{6712BA5A-D297-4BE7-B3A9-E8B2466BED4E}.Release|x86.ActiveCfg = Release|Any CPU
		{6712BA5A-D297-4BE7-B3A9-E8B2466BED4E}.Release|x86.Build.0 = Release|Any CPU
		{135E995B-5979-44D8-BA90-D477DD3FA571}.Debug|Any CPU.ActiveCfg = Debug|Any CPU
		{135E995B-5979-44D8-BA90-D477DD3FA571}.Debug|Any CPU.Build.0 = Debug|Any CPU
		{135E995B-5979-44D8-BA90-D477DD3FA571}.Debug|x64.ActiveCfg = Debug|Any CPU
		{135E995B-5979-44D8-BA90-D477DD3FA571}.Debug|x64.Build.0 = Debug|Any CPU
		{135E995B-5979-44D8-BA90-D477DD3FA571}.Debug|x86.ActiveCfg = Debug|Any CPU
		{135E995B-5979-44D8-BA90-D477DD3FA571}.Debug|x86.Build.0 = Debug|Any CPU
		{135E995B-5979-44D8-BA90-D477DD3FA571}.Release|Any CPU.ActiveCfg = Release|Any CPU
		{135E995B-5979-44D8-BA90-D477DD3FA571}.Release|Any CPU.Build.0 = Release|Any CPU
		{135E995B-5979-44D8-BA90-D477DD3FA571}.Release|x64.ActiveCfg = Release|Any CPU
		{135E995B-5979-44D8-BA90-D477DD3FA571}.Release|x64.Build.0 = Release|Any CPU
		{135E995B-5979-44D8-BA90-D477DD3FA571}.Release|x86.ActiveCfg = Release|Any CPU
		{135E995B-5979-44D8-BA90-D477DD3FA571}.Release|x86.Build.0 = Release|Any CPU
		{D5ACFD8A-A3F2-4E37-BB3C-002A8A798565}.Debug|Any CPU.ActiveCfg = Debug|Any CPU
		{D5ACFD8A-A3F2-4E37-BB3C-002A8A798565}.Debug|Any CPU.Build.0 = Debug|Any CPU
		{D5ACFD8A-A3F2-4E37-BB3C-002A8A798565}.Debug|x64.ActiveCfg = Debug|Any CPU
		{D5ACFD8A-A3F2-4E37-BB3C-002A8A798565}.Debug|x64.Build.0 = Debug|Any CPU
		{D5ACFD8A-A3F2-4E37-BB3C-002A8A798565}.Debug|x86.ActiveCfg = Debug|Any CPU
		{D5ACFD8A-A3F2-4E37-BB3C-002A8A798565}.Debug|x86.Build.0 = Debug|Any CPU
		{D5ACFD8A-A3F2-4E37-BB3C-002A8A798565}.Release|Any CPU.ActiveCfg = Release|Any CPU
		{D5ACFD8A-A3F2-4E37-BB3C-002A8A798565}.Release|Any CPU.Build.0 = Release|Any CPU
		{D5ACFD8A-A3F2-4E37-BB3C-002A8A798565}.Release|x64.ActiveCfg = Release|Any CPU
		{D5ACFD8A-A3F2-4E37-BB3C-002A8A798565}.Release|x64.Build.0 = Release|Any CPU
		{D5ACFD8A-A3F2-4E37-BB3C-002A8A798565}.Release|x86.ActiveCfg = Release|Any CPU
		{D5ACFD8A-A3F2-4E37-BB3C-002A8A798565}.Release|x86.Build.0 = Release|Any CPU
	EndGlobalSection
	GlobalSection(SolutionProperties) = preSolution
		HideSolutionNode = FALSE
	EndGlobalSection
	GlobalSection(NestedProjects) = preSolution
		{DE6CFF7A-F7F0-441D-A5D2-905185723890} = {827E0CD3-B72D-47B6-A68D-7590B98EB39B}
		{0116D61E-667B-4ED9-8C92-DA888E9A2B06} = {827E0CD3-B72D-47B6-A68D-7590B98EB39B}
		{98D57777-8893-479B-85C2-ABC1DEDE1E56} = {827E0CD3-B72D-47B6-A68D-7590B98EB39B}
		{50D61C48-93DE-4E82-8662-2F31137689F6} = {827E0CD3-B72D-47B6-A68D-7590B98EB39B}
		{B0288E32-8E1D-4C68-9D0A-4AA2780FDA2C} = {827E0CD3-B72D-47B6-A68D-7590B98EB39B}
		{6712BA5A-D297-4BE7-B3A9-E8B2466BED4E} = {827E0CD3-B72D-47B6-A68D-7590B98EB39B}
		{135E995B-5979-44D8-BA90-D477DD3FA571} = {827E0CD3-B72D-47B6-A68D-7590B98EB39B}
		{D5ACFD8A-A3F2-4E37-BB3C-002A8A798565} = {0AB3BF05-4346-4AA6-1389-037BE0695223}
	EndGlobalSection
EndGlobal
